// !$*UTF8*$!
{
	archiveVersion = 1;
	classes = {
	};
	objectVersion = 46;
	objects = {

/* Begin PBXBuildFile section */
		B464BCD01B212F7E009684C9 /* AppDelegate.swift in Sources */ = {isa = PBXBuildFile; fileRef = B464BCCF1B212F7E009684C9 /* AppDelegate.swift */; };
		B464BCD21B212F7E009684C9 /* ViewController.swift in Sources */ = {isa = PBXBuildFile; fileRef = B464BCD11B212F7E009684C9 /* ViewController.swift */; };
		B464BCD51B212F7E009684C9 /* Main.storyboard in Resources */ = {isa = PBXBuildFile; fileRef = B464BCD31B212F7E009684C9 /* Main.storyboard */; };
		B464BCD71B212F7E009684C9 /* Images.xcassets in Resources */ = {isa = PBXBuildFile; fileRef = B464BCD61B212F7E009684C9 /* Images.xcassets */; };
		B464BCDA1B212F7E009684C9 /* LaunchScreen.xib in Resources */ = {isa = PBXBuildFile; fileRef = B464BCD81B212F7E009684C9 /* LaunchScreen.xib */; };
		B464BCE61B212F7E009684C9 /* SwiftStartTests.swift in Sources */ = {isa = PBXBuildFile; fileRef = B464BCE51B212F7E009684C9 /* SwiftStartTests.swift */; };
		FFBADB92D0E598E621EA3742 /* Pods.framework in Frameworks */ = {isa = PBXBuildFile; fileRef = DF0F7DBB46E5DE47A1C0DB0A /* Pods.framework */; };
/* End PBXBuildFile section */

/* Begin PBXContainerItemProxy section */
		B464BCE01B212F7E009684C9 /* PBXContainerItemProxy */ = {
			isa = PBXContainerItemProxy;
			containerPortal = B464BCC21B212F7D009684C9 /* Project object */;
			proxyType = 1;
			remoteGlobalIDString = B464BCC91B212F7D009684C9;
			remoteInfo = SwiftStart;
		};
/* End PBXContainerItemProxy section */

/* Begin PBXFileReference section */
		51479A5091C1295FD93886C8 /* Pods.debug.xcconfig */ = {isa = PBXFileReference; includeInIndex = 1; lastKnownFileType = text.xcconfig; name = Pods.debug.xcconfig; path = "Pods/Target Support Files/Pods/Pods.debug.xcconfig"; sourceTree = "<group>"; };
		9C1271E941209EED3B5B3FAD /* Pods.release.xcconfig */ = {isa = PBXFileReference; includeInIndex = 1; lastKnownFileType = text.xcconfig; name = Pods.release.xcconfig; path = "Pods/Target Support Files/Pods/Pods.release.xcconfig"; sourceTree = "<group>"; };
		B464BCCA1B212F7E009684C9 /* SwiftStart.app */ = {isa = PBXFileReference; explicitFileType = wrapper.application; includeInIndex = 0; path = SwiftStart.app; sourceTree = BUILT_PRODUCTS_DIR; };
		B464BCCE1B212F7E009684C9 /* Info.plist */ = {isa = PBXFileReference; lastKnownFileType = text.plist.xml; path = Info.plist; sourceTree = "<group>"; };
		B464BCCF1B212F7E009684C9 /* AppDelegate.swift */ = {isa = PBXFileReference; lastKnownFileType = sourcecode.swift; path = AppDelegate.swift; sourceTree = "<group>"; };
		B464BCD11B212F7E009684C9 /* ViewController.swift */ = {isa = PBXFileReference; lastKnownFileType = sourcecode.swift; path = ViewController.swift; sourceTree = "<group>"; };
		B464BCD41B212F7E009684C9 /* Base */ = {isa = PBXFileReference; lastKnownFileType = file.storyboard; name = Base; path = Base.lproj/Main.storyboard; sourceTree = "<group>"; };
		B464BCD61B212F7E009684C9 /* Images.xcassets */ = {isa = PBXFileReference; lastKnownFileType = folder.assetcatalog; path = Images.xcassets; sourceTree = "<group>"; };
		B464BCD91B212F7E009684C9 /* Base */ = {isa = PBXFileReference; lastKnownFileType = file.xib; name = Base; path = Base.lproj/LaunchScreen.xib; sourceTree = "<group>"; };
		B464BCDF1B212F7E009684C9 /* SwiftStartTests.xctest */ = {isa = PBXFileReference; explicitFileType = wrapper.cfbundle; includeInIndex = 0; path = SwiftStartTests.xctest; sourceTree = BUILT_PRODUCTS_DIR; };
		B464BCE41B212F7E009684C9 /* Info.plist */ = {isa = PBXFileReference; lastKnownFileType = text.plist.xml; path = Info.plist; sourceTree = "<group>"; };
		B464BCE51B212F7E009684C9 /* SwiftStartTests.swift */ = {isa = PBXFileReference; lastKnownFileType = sourcecode.swift; path = SwiftStartTests.swift; sourceTree = "<group>"; };
		DF0F7DBB46E5DE47A1C0DB0A /* Pods.framework */ = {isa = PBXFileReference; explicitFileType = wrapper.framework; includeInIndex = 0; path = Pods.framework; sourceTree = BUILT_PRODUCTS_DIR; };
/* End PBXFileReference section */

/* Begin PBXFrameworksBuildPhase section */
		B464BCC71B212F7D009684C9 /* Frameworks */ = {
			isa = PBXFrameworksBuildPhase;
			buildActionMask = 2147483647;
			files = (
				FFBADB92D0E598E621EA3742 /* Pods.framework in Frameworks */,
			);
			runOnlyForDeploymentPostprocessing = 0;
		};
		B464BCDC1B212F7E009684C9 /* Frameworks */ = {
			isa = PBXFrameworksBuildPhase;
			buildActionMask = 2147483647;
			files = (
			);
			runOnlyForDeploymentPostprocessing = 0;
		};
/* End PBXFrameworksBuildPhase section */

/* Begin PBXGroup section */
		52B729833874C32A684FEFDF /* Frameworks */ = {
			isa = PBXGroup;
			children = (
				DF0F7DBB46E5DE47A1C0DB0A /* Pods.framework */,
			);
			name = Frameworks;
			sourceTree = "<group>";
		};
		A3C4EDC67C094EDCB4495F81 /* Pods */ = {
			isa = PBXGroup;
			children = (
				51479A5091C1295FD93886C8 /* Pods.debug.xcconfig */,
				9C1271E941209EED3B5B3FAD /* Pods.release.xcconfig */,
			);
			name = Pods;
			sourceTree = "<group>";
		};
		B464BCC11B212F7D009684C9 = {
			isa = PBXGroup;
			children = (
				B464BCCC1B212F7E009684C9 /* SwiftStart */,
				B464BCE21B212F7E009684C9 /* SwiftStartTests */,
				B464BCCB1B212F7E009684C9 /* Products */,
				A3C4EDC67C094EDCB4495F81 /* Pods */,
				52B729833874C32A684FEFDF /* Frameworks */,
			);
			sourceTree = "<group>";
		};
		B464BCCB1B212F7E009684C9 /* Products */ = {
			isa = PBXGroup;
			children = (
				B464BCCA1B212F7E009684C9 /* SwiftStart.app */,
				B464BCDF1B212F7E009684C9 /* SwiftStartTests.xctest */,
			);
			name = Products;
			sourceTree = "<group>";
		};
		B464BCCC1B212F7E009684C9 /* SwiftStart */ = {
			isa = PBXGroup;
			children = (
				B464BCCF1B212F7E009684C9 /* AppDelegate.swift */,
				B464BCD11B212F7E009684C9 /* ViewController.swift */,
				B464BCD31B212F7E009684C9 /* Main.storyboard */,
				B464BCD61B212F7E009684C9 /* Images.xcassets */,
				B464BCD81B212F7E009684C9 /* LaunchScreen.xib */,
				B464BCCD1B212F7E009684C9 /* Supporting Files */,
			);
			path = SwiftStart;
			sourceTree = "<group>";
		};
		B464BCCD1B212F7E009684C9 /* Supporting Files */ = {
			isa = PBXGroup;
			children = (
				B464BCCE1B212F7E009684C9 /* Info.plist */,
			);
			name = "Supporting Files";
			sourceTree = "<group>";
		};
		B464BCE21B212F7E009684C9 /* SwiftStartTests */ = {
			isa = PBXGroup;
			children = (
				B464BCE51B212F7E009684C9 /* SwiftStartTests.swift */,
				B464BCE31B212F7E009684C9 /* Supporting Files */,
			);
			path = SwiftStartTests;
			sourceTree = "<group>";
		};
		B464BCE31B212F7E009684C9 /* Supporting Files */ = {
			isa = PBXGroup;
			children = (
				B464BCE41B212F7E009684C9 /* Info.plist */,
			);
			name = "Supporting Files";
			sourceTree = "<group>";
		};
/* End PBXGroup section */

/* Begin PBXNativeTarget section */
		B464BCC91B212F7D009684C9 /* SwiftStart */ = {
			isa = PBXNativeTarget;
			buildConfigurationList = B464BCE91B212F7E009684C9 /* Build configuration list for PBXNativeTarget "SwiftStart" */;
			buildPhases = (
				FFC0CCC8B48BFB11FC340820 /* Check Pods Manifest.lock */,
				B464BCC61B212F7D009684C9 /* Sources */,
				B464BCC71B212F7D009684C9 /* Frameworks */,
				B464BCC81B212F7D009684C9 /* Resources */,
				DF1453AA59DB1E5601D21C3E /* Embed Pods Frameworks */,
				B0BD64F995EF4AFA004D2CA5 /* Copy Pods Resources */,
			);
			buildRules = (
			);
			dependencies = (
			);
			name = SwiftStart;
			productName = SwiftStart;
			productReference = B464BCCA1B212F7E009684C9 /* SwiftStart.app */;
			productType = "com.apple.product-type.application";
		};
		B464BCDE1B212F7E009684C9 /* SwiftStartTests */ = {
			isa = PBXNativeTarget;
			buildConfigurationList = B464BCEC1B212F7E009684C9 /* Build configuration list for PBXNativeTarget "SwiftStartTests" */;
			buildPhases = (
				B464BCDB1B212F7E009684C9 /* Sources */,
				B464BCDC1B212F7E009684C9 /* Frameworks */,
				B464BCDD1B212F7E009684C9 /* Resources */,
			);
			buildRules = (
			);
			dependencies = (
				B464BCE11B212F7E009684C9 /* PBXTargetDependency */,
			);
			name = SwiftStartTests;
			productName = SwiftStartTests;
			productReference = B464BCDF1B212F7E009684C9 /* SwiftStartTests.xctest */;
			productType = "com.apple.product-type.bundle.unit-test";
		};
/* End PBXNativeTarget section */

/* Begin PBXProject section */
		B464BCC21B212F7D009684C9 /* Project object */ = {
			isa = PBXProject;
			attributes = {
				LastSwiftMigration = 0720;
				LastSwiftUpdateCheck = 0720;
				LastUpgradeCheck = 0720;
				ORGANIZATIONNAME = Jiyang;
				TargetAttributes = {
					B464BCC91B212F7D009684C9 = {
						CreatedOnToolsVersion = 6.3.2;
					};
					B464BCDE1B212F7E009684C9 = {
						CreatedOnToolsVersion = 6.3.2;
						TestTargetID = B464BCC91B212F7D009684C9;
					};
				};
			};
			buildConfigurationList = B464BCC51B212F7D009684C9 /* Build configuration list for PBXProject "SwiftStart" */;
			compatibilityVersion = "Xcode 3.2";
			developmentRegion = English;
			hasScannedForEncodings = 0;
			knownRegions = (
				en,
				Base,
			);
			mainGroup = B464BCC11B212F7D009684C9;
			productRefGroup = B464BCCB1B212F7E009684C9 /* Products */;
			projectDirPath = "";
			projectRoot = "";
			targets = (
				B464BCC91B212F7D009684C9 /* SwiftStart */,
				B464BCDE1B212F7E009684C9 /* SwiftStartTests */,
			);
		};
/* End PBXProject section */

/* Begin PBXResourcesBuildPhase section */
		B464BCC81B212F7D009684C9 /* Resources */ = {
			isa = PBXResourcesBuildPhase;
			buildActionMask = 2147483647;
			files = (
				B464BCD51B212F7E009684C9 /* Main.storyboard in Resources */,
				B464BCDA1B212F7E009684C9 /* LaunchScreen.xib in Resources */,
				B464BCD71B212F7E009684C9 /* Images.xcassets in Resources */,
			);
			runOnlyForDeploymentPostprocessing = 0;
		};
		B464BCDD1B212F7E009684C9 /* Resources */ = {
			isa = PBXResourcesBuildPhase;
			buildActionMask = 2147483647;
			files = (
			);
			runOnlyForDeploymentPostprocessing = 0;
		};
/* End PBXResourcesBuildPhase section */

/* Begin PBXShellScriptBuildPhase section */
		B0BD64F995EF4AFA004D2CA5 /* Copy Pods Resources */ = {
			isa = PBXShellScriptBuildPhase;
			buildActionMask = 2147483647;
			files = (
			);
			inputPaths = (
			);
			name = "Copy Pods Resources";
			outputPaths = (
			);
			runOnlyForDeploymentPostprocessing = 0;
			shellPath = /bin/sh;
			shellScript = "\"${SRCROOT}/Pods/Target Support Files/Pods/Pods-resources.sh\"\n";
			showEnvVarsInLog = 0;
		};
		DF1453AA59DB1E5601D21C3E /* Embed Pods Frameworks */ = {
			isa = PBXShellScriptBuildPhase;
			buildActionMask = 2147483647;
			files = (
			);
			inputPaths = (
			);
			name = "Embed Pods Frameworks";
			outputPaths = (
			);
			runOnlyForDeploymentPostprocessing = 0;
			shellPath = /bin/sh;
			shellScript = "\"${SRCROOT}/Pods/Target Support Files/Pods/Pods-frameworks.sh\"\n";
			showEnvVarsInLog = 0;
		};
		FFC0CCC8B48BFB11FC340820 /* Check Pods Manifest.lock */ = {
			isa = PBXShellScriptBuildPhase;
			buildActionMask = 2147483647;
			files = (
			);
			inputPaths = (
			);
			name = "Check Pods Manifest.lock";
			outputPaths = (
			);
			runOnlyForDeploymentPostprocessing = 0;
			shellPath = /bin/sh;
			shellScript = "diff \"${PODS_ROOT}/../Podfile.lock\" \"${PODS_ROOT}/Manifest.lock\" > /dev/null\nif [[ $? != 0 ]] ; then\n    cat << EOM\nerror: The sandbox is not in sync with the Podfile.lock. Run 'pod install' or update your CocoaPods installation.\nEOM\n    exit 1\nfi\n";
			showEnvVarsInLog = 0;
		};
/* End PBXShellScriptBuildPhase section */

/* Begin PBXSourcesBuildPhase section */
		B464BCC61B212F7D009684C9 /* Sources */ = {
			isa = PBXSourcesBuildPhase;
			buildActionMask = 2147483647;
			files = (
				B464BCD21B212F7E009684C9 /* ViewController.swift in Sources */,
				B464BCD01B212F7E009684C9 /* AppDelegate.swift in Sources */,
			);
			runOnlyForDeploymentPostprocessing = 0;
		};
		B464BCDB1B212F7E009684C9 /* Sources */ = {
			isa = PBXSourcesBuildPhase;
			buildActionMask = 2147483647;
			files = (
				B464BCE61B212F7E009684C9 /* SwiftStartTests.swift in Sources */,
			);
			runOnlyForDeploymentPostprocessing = 0;
		};
/* End PBXSourcesBuildPhase section */

/* Begin PBXTargetDependency section */
		B464BCE11B212F7E009684C9 /* PBXTargetDependency */ = {
			isa = PBXTargetDependency;
			target = B464BCC91B212F7D009684C9 /* SwiftStart */;
			targetProxy = B464BCE01B212F7E009684C9 /* PBXContainerItemProxy */;
		};
/* End PBXTargetDependency section */

/* Begin PBXVariantGroup section */
		B464BCD31B212F7E009684C9 /* Main.storyboard */ = {
			isa = PBXVariantGroup;
			children = (
				B464BCD41B212F7E009684C9 /* Base */,
			);
			name = Main.storyboard;
			sourceTree = "<group>";
		};
		B464BCD81B212F7E009684C9 /* LaunchScreen.xib */ = {
			isa = PBXVariantGroup;
			children = (
				B464BCD91B212F7E009684C9 /* Base */,
			);
			name = LaunchScreen.xib;
			sourceTree = "<group>";
		};
/* End PBXVariantGroup section */

/* Begin XCBuildConfiguration section */
		B464BCE71B212F7E009684C9 /* Debug */ = {
			isa = XCBuildConfiguration;
			buildSettings = {
				ALWAYS_SEARCH_USER_PATHS = NO;
				CLANG_CXX_LANGUAGE_STANDARD = "gnu++0x";
				CLANG_CXX_LIBRARY = "libc++";
				CLANG_ENABLE_MODULES = YES;
				CLANG_ENABLE_OBJC_ARC = YES;
				CLANG_WARN_BOOL_CONVERSION = YES;
				CLANG_WARN_CONSTANT_CONVERSION = YES;
				CLANG_WARN_DIRECT_OBJC_ISA_USAGE = YES_ERROR;
				CLANG_WARN_EMPTY_BODY = YES;
				CLANG_WARN_ENUM_CONVERSION = YES;
				CLANG_WARN_INT_CONVERSION = YES;
				CLANG_WARN_OBJC_ROOT_CLASS = YES_ERROR;
				CLANG_WARN_UNREACHABLE_CODE = YES;
				CLANG_WARN__DUPLICATE_METHOD_MATCH = YES;
				"CODE_SIGN_IDENTITY[sdk=iphoneos*]" = "iPhone Developer";
				COPY_PHASE_STRIP = NO;
				DEBUG_INFORMATION_FORMAT = "dwarf-with-dsym";
				ENABLE_STRICT_OBJC_MSGSEND = YES;
				ENABLE_TESTABILITY = YES;
				GCC_C_LANGUAGE_STANDARD = gnu99;
				GCC_DYNAMIC_NO_PIC = NO;
				GCC_NO_COMMON_BLOCKS = YES;
				GCC_OPTIMIZATION_LEVEL = 0;
				GCC_PREPROCESSOR_DEFINITIONS = (
					"DEBUG=1",
					"$(inherited)",
				);
				GCC_SYMBOLS_PRIVATE_EXTERN = NO;
				GCC_WARN_64_TO_32_BIT_CONVERSION = YES;
				GCC_WARN_ABOUT_RETURN_TYPE = YES_ERROR;
				GCC_WARN_UNDECLARED_SELECTOR = YES;
				GCC_WARN_UNINITIALIZED_AUTOS = YES_AGGRESSIVE;
				GCC_WARN_UNUSED_FUNCTION = YES;
				GCC_WARN_UNUSED_VARIABLE = YES;
				IPHONEOS_DEPLOYMENT_TARGET = 8.0;
				MTL_ENABLE_DEBUG_INFO = YES;
				ONLY_ACTIVE_ARCH = YES;
				SDKROOT = iphoneos;
				SWIFT_OPTIMIZATION_LEVEL = "-Onone";
			};
			name = Debug;
		};
		B464BCE81B212F7E009684C9 /* Release */ = {
			isa = XCBuildConfiguration;
			buildSettings = {
				ALWAYS_SEARCH_USER_PATHS = NO;
				CLANG_CXX_LANGUAGE_STANDARD = "gnu++0x";
				CLANG_CXX_LIBRARY = "libc++";
				CLANG_ENABLE_MODULES = YES;
				CLANG_ENABLE_OBJC_ARC = YES;
				CLANG_WARN_BOOL_CONVERSION = YES;
				CLANG_WARN_CONSTANT_CONVERSION = YES;
				CLANG_WARN_DIRECT_OBJC_ISA_USAGE = YES_ERROR;
				CLANG_WARN_EMPTY_BODY = YES;
				CLANG_WARN_ENUM_CONVERSION = YES;
				CLANG_WARN_INT_CONVERSION = YES;
				CLANG_WARN_OBJC_ROOT_CLASS = YES_ERROR;
				CLANG_WARN_UNREACHABLE_CODE = YES;
				CLANG_WARN__DUPLICATE_METHOD_MATCH = YES;
				"CODE_SIGN_IDENTITY[sdk=iphoneos*]" = "iPhone Developer";
				COPY_PHASE_STRIP = NO;
				DEBUG_INFORMATION_FORMAT = "dwarf-with-dsym";
				ENABLE_NS_ASSERTIONS = NO;
				ENABLE_STRICT_OBJC_MSGSEND = YES;
				GCC_C_LANGUAGE_STANDARD = gnu99;
				GCC_NO_COMMON_BLOCKS = YES;
				GCC_WARN_64_TO_32_BIT_CONVERSION = YES;
				GCC_WARN_ABOUT_RETURN_TYPE = YES_ERROR;
				GCC_WARN_UNDECLARED_SELECTOR = YES;
				GCC_WARN_UNINITIALIZED_AUTOS = YES_AGGRESSIVE;
				GCC_WARN_UNUSED_FUNCTION = YES;
				GCC_WARN_UNUSED_VARIABLE = YES;
				IPHONEOS_DEPLOYMENT_TARGET = 8.0;
				MTL_ENABLE_DEBUG_INFO = NO;
				SDKROOT = iphoneos;
				VALIDATE_PRODUCT = YES;
			};
			name = Release;
		};
		B464BCEA1B212F7E009684C9 /* Debug */ = {
			isa = XCBuildConfiguration;
			baseConfigurationReference = 51479A5091C1295FD93886C8 /* Pods.debug.xcconfig */;
			buildSettings = {
				ASSETCATALOG_COMPILER_APPICON_NAME = AppIcon;
				INFOPLIST_FILE = SwiftStart/Info.plist;
				IPHONEOS_DEPLOYMENT_TARGET = 8.0;
				LD_RUNPATH_SEARCH_PATHS = "$(inherited) @executable_path/Frameworks";
				PRODUCT_BUNDLE_IDENTIFIER = "zhjy.$(PRODUCT_NAME:rfc1034identifier)";
				PRODUCT_NAME = "$(TARGET_NAME)";
			};
			name = Debug;
		};
		B464BCEB1B212F7E009684C9 /* Release */ = {
			isa = XCBuildConfiguration;
			baseConfigurationReference = 9C1271E941209EED3B5B3FAD /* Pods.release.xcconfig */;
			buildSettings = {
				ASSETCATALOG_COMPILER_APPICON_NAME = AppIcon;
				INFOPLIST_FILE = SwiftStart/Info.plist;
				IPHONEOS_DEPLOYMENT_TARGET = 8.0;
				LD_RUNPATH_SEARCH_PATHS = "$(inherited) @executable_path/Frameworks";
				PRODUCT_BUNDLE_IDENTIFIER = "zhjy.$(PRODUCT_NAME:rfc1034identifier)";
				PRODUCT_NAME = "$(TARGET_NAME)";
			};
			name = Release;
		};
		B464BCED1B212F7E009684C9 /* Debug */ = {
			isa = XCBuildConfiguration;
			baseConfigurationReference = 51479A5091C1295FD93886C8 /* Pods.debug.xcconfig */;
			buildSettings = {
				BUNDLE_LOADER = "$(TEST_HOST)";
				FRAMEWORK_SEARCH_PATHS = (
					"$(SDKROOT)/Developer/Library/Frameworks",
					"$(inherited)",
				);
				GCC_PREPROCESSOR_DEFINITIONS = (
					"DEBUG=1",
					"$(inherited)",
				);
				INFOPLIST_FILE = SwiftStartTests/Info.plist;
				LD_RUNPATH_SEARCH_PATHS = "$(inherited) @executable_path/Frameworks @loader_path/Frameworks";
				PRODUCT_BUNDLE_IDENTIFIER = "zhjy.$(PRODUCT_NAME:rfc1034identifier)";
				PRODUCT_NAME = "$(TARGET_NAME)";
				TEST_HOST = "$(BUILT_PRODUCTS_DIR)/SwiftStart.app/SwiftStart";
			};
			name = Debug;
		};
		B464BCEE1B212F7E009684C9 /* Release */ = {
			isa = XCBuildConfiguration;
			baseConfigurationReference = 9C1271E941209EED3B5B3FAD /* Pods.release.xcconfig */;
			buildSettings = {
				BUNDLE_LOADER = "$(TEST_HOST)";
				FRAMEWORK_SEARCH_PATHS = (
					"$(SDKROOT)/Developer/Library/Frameworks",
					"$(inherited)",
				);
				INFOPLIST_FILE = SwiftStartTests/Info.plist;
				LD_RUNPATH_SEARCH_PATHS = "$(inherited) @executable_path/Frameworks @loader_path/Frameworks";
				PRODUCT_BUNDLE_IDENTIFIER = "zhjy.$(PRODUCT_NAME:rfc1034identifier)";
				PRODUCT_NAME = "$(TARGET_NAME)";
				TEST_HOST = "$(BUILT_PRODUCTS_DIR)/SwiftStart.app/SwiftStart";
			};
			name = Release;
		};
/* End XCBuildConfiguration section */

/* Begin XCConfigurationList section */
		B464BCC51B212F7D009684C9 /* Build configuration list for PBXProject "SwiftStart" */ = {
			isa = XCConfigurationList;
			buildConfigurations = (
				B464BCE71B212F7E009684C9 /* Debug */,
				B464BCE81B212F7E009684C9 /* Release */,
			);
			defaultConfigurationIsVisible = 0;
			defaultConfigurationName = Release;
		};
		B464BCE91B212F7E009684C9 /* Build configuration list for PBXNativeTarget "SwiftStart" */ = {
			isa = XCConfigurationList;
			buildConfigurations = (
				B464BCEA1B212F7E009684C9 /* Debug */,
				B464BCEB1B212F7E009684C9 /* Release */,
			);
			defaultConfigurationIsVisible = 0;
			defaultConfigurationName = Release;
		};
		B464BCEC1B212F7E009684C9 /* Build configuration list for PBXNativeTarget "SwiftStartTests" */ = {
			isa = XCConfigurationList;
			buildConfigurations = (
				B464BCED1B212F7E009684C9 /* Debug */,
				B464BCEE1B212F7E009684C9 /* Release */,
			);
			defaultConfigurationIsVisible = 0;
			defaultConfigurationName = Release;
		};
/* End XCConfigurationList section */
	};
	rootObject = B464BCC21B212F7D009684C9 /* Project object */;
}
